
Microsoft Visual Studio Solution File, Format Version 12.00
# Visual Studio Version 17
VisualStudioVersion = 17.13.35931.197 d17.13
MinimumVisualStudioVersion = 10.0.40219.1
Project("{FAE04EC0-301F-11D3-BF4B-00C04F79EFBC}") = "Pld_Task22", "Pld_Task22.csproj", "{B95747E5-4414-4BB0-B79B-D1CA9EEE121C}"
EndProject
Global
	GlobalSection(SolutionConfigurationPlatforms) = preSolution
		Debug|Any CPU = Debug|Any CPU
		Release|Any CPU = Release|Any CPU
	EndGlobalSection
	GlobalSection(ProjectConfigurationPlatforms) = postSolution
		{B95747E5-4414-4BB0-B79B-D1CA9EEE121C}.Debug|Any CPU.ActiveCfg = Debug|Any CPU
		{B95747E5-4414-4BB0-B79B-D1CA9EEE121C}.Debug|Any CPU.Build.0 = Debug|Any CPU
		{B95747E5-4414-4BB0-B79B-D1CA9EEE121C}.Release|Any CPU.ActiveCfg = Release|Any CPU
		{B95747E5-4414-4BB0-B79B-D1CA9EEE121C}.Release|Any CPU.Build.0 = Release|Any CPU
	EndGlobalSection
	GlobalSection(SolutionProperties) = preSolution
		HideSolutionNode = FALSE
	EndGlobalSection
	GlobalSection(ExtensibilityGlobals) = postSolution
		SolutionGuid = {F4240876-9135-4409-BA7B-78E9BB48E212}
	EndGlobalSection
EndGlobal
